// !$*UTF8*$!
{
	archiveVersion = 1;
	classes = {
	};
	objectVersion = 50;
	objects = {

/* Begin PBXBuildFile section */
		D4390F0B242D537300E42A83 /* AppDelegate.swift in Sources */ = {isa = PBXBuildFile; fileRef = D4390F0A242D537300E42A83 /* AppDelegate.swift */; };
		D4390F0D242D537300E42A83 /* SceneDelegate.swift in Sources */ = {isa = PBXBuildFile; fileRef = D4390F0C242D537300E42A83 /* SceneDelegate.swift */; };
		D4390F12242D537300E42A83 /* Main.storyboard in Resources */ = {isa = PBXBuildFile; fileRef = D4390F10242D537300E42A83 /* Main.storyboard */; };
		D4390F14242D537800E42A83 /* Assets.xcassets in Resources */ = {isa = PBXBuildFile; fileRef = D4390F13242D537800E42A83 /* Assets.xcassets */; };
		D4390F17242D537800E42A83 /* LaunchScreen.storyboard in Resources */ = {isa = PBXBuildFile; fileRef = D4390F15242D537800E42A83 /* LaunchScreen.storyboard */; };
		D4390F25242D57D300E42A83 /* GKLCharacter.m in Sources */ = {isa = PBXBuildFile; fileRef = D4390F24242D57D300E42A83 /* GKLCharacter.m */; };
/* End PBXBuildFile section */

/* Begin PBXFileReference section */
		D4390F07242D537300E42A83 /* PotterAPI-C.app */ = {isa = PBXFileReference; explicitFileType = wrapper.application; includeInIndex = 0; path = "PotterAPI-C.app"; sourceTree = BUILT_PRODUCTS_DIR; };
		D4390F0A242D537300E42A83 /* AppDelegate.swift */ = {isa = PBXFileReference; lastKnownFileType = sourcecode.swift; path = AppDelegate.swift; sourceTree = "<group>"; };
		D4390F0C242D537300E42A83 /* SceneDelegate.swift */ = {isa = PBXFileReference; lastKnownFileType = sourcecode.swift; path = SceneDelegate.swift; sourceTree = "<group>"; };
		D4390F11242D537300E42A83 /* Base */ = {isa = PBXFileReference; lastKnownFileType = file.storyboard; name = Base; path = Base.lproj/Main.storyboard; sourceTree = "<group>"; };
		D4390F13242D537800E42A83 /* Assets.xcassets */ = {isa = PBXFileReference; lastKnownFileType = folder.assetcatalog; path = Assets.xcassets; sourceTree = "<group>"; };
		D4390F16242D537800E42A83 /* Base */ = {isa = PBXFileReference; lastKnownFileType = file.storyboard; name = Base; path = Base.lproj/LaunchScreen.storyboard; sourceTree = "<group>"; };
		D4390F18242D537800E42A83 /* Info.plist */ = {isa = PBXFileReference; lastKnownFileType = text.plist.xml; path = Info.plist; sourceTree = "<group>"; };
		D4390F22242D57D300E42A83 /* PotterAPI-C-Bridging-Header.h */ = {isa = PBXFileReference; lastKnownFileType = sourcecode.c.h; path = "PotterAPI-C-Bridging-Header.h"; sourceTree = "<group>"; };
		D4390F23242D57D300E42A83 /* GKLCharacter.h */ = {isa = PBXFileReference; lastKnownFileType = sourcecode.c.h; path = GKLCharacter.h; sourceTree = "<group>"; };
		D4390F24242D57D300E42A83 /* GKLCharacter.m */ = {isa = PBXFileReference; lastKnownFileType = sourcecode.c.objc; path = GKLCharacter.m; sourceTree = "<group>"; };
/* End PBXFileReference section */

/* Begin PBXFrameworksBuildPhase section */
		D4390F04242D537300E42A83 /* Frameworks */ = {
			isa = PBXFrameworksBuildPhase;
			buildActionMask = 2147483647;
			files = (
			);
			runOnlyForDeploymentPostprocessing = 0;
		};
/* End PBXFrameworksBuildPhase section */

/* Begin PBXGroup section */
		D4390EFE242D537200E42A83 = {
			isa = PBXGroup;
			children = (
				D4390F09242D537300E42A83 /* PotterAPI-C */,
				D4390F08242D537300E42A83 /* Products */,
			);
			sourceTree = "<group>";
		};
		D4390F08242D537300E42A83 /* Products */ = {
			isa = PBXGroup;
			children = (
				D4390F07242D537300E42A83 /* PotterAPI-C.app */,
			);
			name = Products;
			sourceTree = "<group>";
		};
		D4390F09242D537300E42A83 /* PotterAPI-C */ = {
			isa = PBXGroup;
			children = (
				D4390F1F242D560F00E42A83 /* Model */,
				D4390F20242D561400E42A83 /* Controller */,
				D4390F21242D561E00E42A83 /* Views */,
				D4390F10242D537300E42A83 /* Main.storyboard */,
				D4390F1E242D538D00E42A83 /* Resources */,
			);
			path = "PotterAPI-C";
			sourceTree = "<group>";
		};
		D4390F1E242D538D00E42A83 /* Resources */ = {
			isa = PBXGroup;
			children = (
				D4390F0A242D537300E42A83 /* AppDelegate.swift */,
				D4390F0C242D537300E42A83 /* SceneDelegate.swift */,
				D4390F13242D537800E42A83 /* Assets.xcassets */,
				D4390F15242D537800E42A83 /* LaunchScreen.storyboard */,
				D4390F18242D537800E42A83 /* Info.plist */,
			);
			path = Resources;
			sourceTree = "<group>";
		};
		D4390F1F242D560F00E42A83 /* Model */ = {
			isa = PBXGroup;
			children = (
				D4390F23242D57D300E42A83 /* GKLCharacter.h */,
				D4390F24242D57D300E42A83 /* GKLCharacter.m */,
				D4390F22242D57D300E42A83 /* PotterAPI-C-Bridging-Header.h */,
			);
			path = Model;
			sourceTree = "<group>";
		};
		D4390F20242D561400E42A83 /* Controller */ = {
			isa = PBXGroup;
			children = (
			);
			path = Controller;
			sourceTree = "<group>";
		};
		D4390F21242D561E00E42A83 /* Views */ = {
			isa = PBXGroup;
			children = (
			);
			path = Views;
			sourceTree = "<group>";
		};
/* End PBXGroup section */

/* Begin PBXNativeTarget section */
		D4390F06242D537300E42A83 /* PotterAPI-C */ = {
			isa = PBXNativeTarget;
			buildConfigurationList = D4390F1B242D537800E42A83 /* Build configuration list for PBXNativeTarget "PotterAPI-C" */;
			buildPhases = (
				D4390F03242D537300E42A83 /* Sources */,
				D4390F04242D537300E42A83 /* Frameworks */,
				D4390F05242D537300E42A83 /* Resources */,
			);
			buildRules = (
			);
			dependencies = (
			);
			name = "PotterAPI-C";
			productName = "PotterAPI-C";
			productReference = D4390F07242D537300E42A83 /* PotterAPI-C.app */;
			productType = "com.apple.product-type.application";
		};
/* End PBXNativeTarget section */

/* Begin PBXProject section */
		D4390EFF242D537200E42A83 /* Project object */ = {
			isa = PBXProject;
			attributes = {
				CLASSPREFIX = GKL;
				LastSwiftUpdateCheck = 1130;
				LastUpgradeCheck = 1130;
				ORGANIZATIONNAME = Turtle;
				TargetAttributes = {
					D4390F06242D537300E42A83 = {
						CreatedOnToolsVersion = 11.3.1;
						LastSwiftMigration = 1130;
					};
				};
			};
			buildConfigurationList = D4390F02242D537200E42A83 /* Build configuration list for PBXProject "PotterAPI-C" */;
			compatibilityVersion = "Xcode 9.3";
			developmentRegion = en;
			hasScannedForEncodings = 0;
			knownRegions = (
				en,
				Base,
			);
			mainGroup = D4390EFE242D537200E42A83;
			productRefGroup = D4390F08242D537300E42A83 /* Products */;
			projectDirPath = "";
			projectRoot = "";
			targets = (
				D4390F06242D537300E42A83 /* PotterAPI-C */,
			);
		};
/* End PBXProject section */

/* Begin PBXResourcesBuildPhase section */
		D4390F05242D537300E42A83 /* Resources */ = {
			isa = PBXResourcesBuildPhase;
			buildActionMask = 2147483647;
			files = (
				D4390F17242D537800E42A83 /* LaunchScreen.storyboard in Resources */,
				D4390F14242D537800E42A83 /* Assets.xcassets in Resources */,
				D4390F12242D537300E42A83 /* Main.storyboard in Resources */,
			);
			runOnlyForDeploymentPostprocessing = 0;
		};
/* End PBXResourcesBuildPhase section */

/* Begin PBXSourcesBuildPhase section */
		D4390F03242D537300E42A83 /* Sources */ = {
			isa = PBXSourcesBuildPhase;
			buildActionMask = 2147483647;
			files = (
				D4390F0B242D537300E42A83 /* AppDelegate.swift in Sources */,
				D4390F0D242D537300E42A83 /* SceneDelegate.swift in Sources */,
				D4390F25242D57D300E42A83 /* GKLCharacter.m in Sources */,
			);
			runOnlyForDeploymentPostprocessing = 0;
		};
/* End PBXSourcesBuildPhase section */

/* Begin PBXVariantGroup section */
		D4390F10242D537300E42A83 /* Main.storyboard */ = {
			isa = PBXVariantGroup;
			children = (
				D4390F11242D537300E42A83 /* Base */,
			);
			name = Main.storyboard;
			sourceTree = "<group>";
		};
		D4390F15242D537800E42A83 /* LaunchScreen.storyboard */ = {
			isa = PBXVariantGroup;
			children = (
				D4390F16242D537800E42A83 /* Base */,
			);
			name = LaunchScreen.storyboard;
			sourceTree = "<group>";
		};
/* End PBXVariantGroup section */

/* Begin XCBuildConfiguration section */
		D4390F19242D537800E42A83 /* Debug */ = {
			isa = XCBuildConfiguration;
			buildSettings = {
				ALWAYS_SEARCH_USER_PATHS = NO;
				CLANG_ANALYZER_NONNULL = YES;
				CLANG_ANALYZER_NUMBER_OBJECT_CONVERSION = YES_AGGRESSIVE;
				CLANG_CXX_LANGUAGE_STANDARD = "gnu++14";
				CLANG_CXX_LIBRARY = "libc++";
				CLANG_ENABLE_MODULES = YES;
				CLANG_ENABLE_OBJC_ARC = YES;
				CLANG_ENABLE_OBJC_WEAK = YES;
				CLANG_WARN_BLOCK_CAPTURE_AUTORELEASING = YES;
				CLANG_WARN_BOOL_CONVERSION = YES;
				CLANG_WARN_COMMA = YES;
				CLANG_WARN_CONSTANT_CONVERSION = YES;
				CLANG_WARN_DEPRECATED_OBJC_IMPLEMENTATIONS = YES;
				CLANG_WARN_DIRECT_OBJC_ISA_USAGE = YES_ERROR;
				CLANG_WARN_DOCUMENTATION_COMMENTS = YES;
				CLANG_WARN_EMPTY_BODY = YES;
				CLANG_WARN_ENUM_CONVERSION = YES;
				CLANG_WARN_INFINITE_RECURSION = YES;
				CLANG_WARN_INT_CONVERSION = YES;
				CLANG_WARN_NON_LITERAL_NULL_CONVERSION = YES;
				CLANG_WARN_OBJC_IMPLICIT_RETAIN_SELF = YES;
				CLANG_WARN_OBJC_LITERAL_CONVERSION = YES;
				CLANG_WARN_OBJC_ROOT_CLASS = YES_ERROR;
				CLANG_WARN_RANGE_LOOP_ANALYSIS = YES;
				CLANG_WARN_STRICT_PROTOTYPES = YES;
				CLANG_WARN_SUSPICIOUS_MOVE = YES;
				CLANG_WARN_UNGUARDED_AVAILABILITY = YES_AGGRESSIVE;
				CLANG_WARN_UNREACHABLE_CODE = YES;
				CLANG_WARN__DUPLICATE_METHOD_MATCH = YES;
				COPY_PHASE_STRIP = NO;
				DEBUG_INFORMATION_FORMAT = dwarf;
				ENABLE_STRICT_OBJC_MSGSEND = YES;
				ENABLE_TESTABILITY = YES;
				GCC_C_LANGUAGE_STANDARD = gnu11;
				GCC_DYNAMIC_NO_PIC = NO;
				GCC_NO_COMMON_BLOCKS = YES;
				GCC_OPTIMIZATION_LEVEL = 0;
				GCC_PREPROCESSOR_DEFINITIONS = (
					"DEBUG=1",
					"$(inherited)",
				);
				GCC_WARN_64_TO_32_BIT_CONVERSION = YES;
				GCC_WARN_ABOUT_RETURN_TYPE = YES_ERROR;
				GCC_WARN_UNDECLARED_SELECTOR = YES;
				GCC_WARN_UNINITIALIZED_AUTOS = YES_AGGRESSIVE;
				GCC_WARN_UNUSED_FUNCTION = YES;
				GCC_WARN_UNUSED_VARIABLE = YES;
				IPHONEOS_DEPLOYMENT_TARGET = 13.2;
				MTL_ENABLE_DEBUG_INFO = INCLUDE_SOURCE;
				MTL_FAST_MATH = YES;
				ONLY_ACTIVE_ARCH = YES;
				SDKROOT = iphoneos;
				SWIFT_ACTIVE_COMPILATION_CONDITIONS = DEBUG;
				SWIFT_OPTIMIZATION_LEVEL = "-Onone";
			};
			name = Debug;
		};
		D4390F1A242D537800E42A83 /* Release */ = {
			isa = XCBuildConfiguration;
			buildSettings = {
				ALWAYS_SEARCH_USER_PATHS = NO;
				CLANG_ANALYZER_NONNULL = YES;
				CLANG_ANALYZER_NUMBER_OBJECT_CONVERSION = YES_AGGRESSIVE;
				CLANG_CXX_LANGUAGE_STANDARD = "gnu++14";
				CLANG_CXX_LIBRARY = "libc++";
				CLANG_ENABLE_MODULES = YES;
				CLANG_ENABLE_OBJC_ARC = YES;
				CLANG_ENABLE_OBJC_WEAK = YES;
				CLANG_WARN_BLOCK_CAPTURE_AUTORELEASING = YES;
				CLANG_WARN_BOOL_CONVERSION = YES;
				CLANG_WARN_COMMA = YES;
				CLANG_WARN_CONSTANT_CONVERSION = YES;
				CLANG_WARN_DEPRECATED_OBJC_IMPLEMENTATIONS = YES;
				CLANG_WARN_DIRECT_OBJC_ISA_USAGE = YES_ERROR;
				CLANG_WARN_DOCUMENTATION_COMMENTS = YES;
				CLANG_WARN_EMPTY_BODY = YES;
				CLANG_WARN_ENUM_CONVERSION = YES;
				CLANG_WARN_INFINITE_RECURSION = YES;
				CLANG_WARN_INT_CONVERSION = YES;
				CLANG_WARN_NON_LITERAL_NULL_CONVERSION = YES;
				CLANG_WARN_OBJC_IMPLICIT_RETAIN_SELF = YES;
				CLANG_WARN_OBJC_LITERAL_CONVERSION = YES;
				CLANG_WARN_OBJC_ROOT_CLASS = YES_ERROR;
				CLANG_WARN_RANGE_LOOP_ANALYSIS = YES;
				CLANG_WARN_STRICT_PROTOTYPES = YES;
				CLANG_WARN_SUSPICIOUS_MOVE = YES;
				CLANG_WARN_UNGUARDED_AVAILABILITY = YES_AGGRESSIVE;
				CLANG_WARN_UNREACHABLE_CODE = YES;
				CLANG_WARN__DUPLICATE_METHOD_MATCH = YES;
				COPY_PHASE_STRIP = NO;
				DEBUG_INFORMATION_FORMAT = "dwarf-with-dsym";
				ENABLE_NS_ASSERTIONS = NO;
				ENABLE_STRICT_OBJC_MSGSEND = YES;
				GCC_C_LANGUAGE_STANDARD = gnu11;
				GCC_NO_COMMON_BLOCKS = YES;
				GCC_WARN_64_TO_32_BIT_CONVERSION = YES;
				GCC_WARN_ABOUT_RETURN_TYPE = YES_ERROR;
				GCC_WARN_UNDECLARED_SELECTOR = YES;
				GCC_WARN_UNINITIALIZED_AUTOS = YES_AGGRESSIVE;
				GCC_WARN_UNUSED_FUNCTION = YES;
				GCC_WARN_UNUSED_VARIABLE = YES;
				IPHONEOS_DEPLOYMENT_TARGET = 13.2;
				MTL_ENABLE_DEBUG_INFO = NO;
				MTL_FAST_MATH = YES;
				SDKROOT = iphoneos;
				SWIFT_COMPILATION_MODE = wholemodule;
				SWIFT_OPTIMIZATION_LEVEL = "-O";
				VALIDATE_PRODUCT = YES;
			};
			name = Release;
		};
		D4390F1C242D537800E42A83 /* Debug */ = {
			isa = XCBuildConfiguration;
			buildSettings = {
				ASSETCATALOG_COMPILER_APPICON_NAME = AppIcon;
				CLANG_ENABLE_MODULES = YES;
				CODE_SIGN_STYLE = Automatic;
				DEVELOPMENT_TEAM = H3N9XPK38Q;
				INFOPLIST_FILE = "PotterAPI-C/Resources/Info.plist";
				LD_RUNPATH_SEARCH_PATHS = (
					"$(inherited)",
					"@executable_path/Frameworks",
				);
				PRODUCT_BUNDLE_IDENTIFIER = "SIB.Production.PotterAPI-C";
				PRODUCT_NAME = "$(TARGET_NAME)";
				SWIFT_OBJC_BRIDGING_HEADER = "PotterAPI-C/Model/PotterAPI-C-Bridging-Header.h";
				SWIFT_OPTIMIZATION_LEVEL = "-Onone";
				SWIFT_VERSION = 5.0;
				TARGETED_DEVICE_FAMILY = "1,2";
			};
			name = Debug;
		};
		D4390F1D242D537800E42A83 /* Release */ = {
			isa = XCBuildConfiguration;
			buildSettings = {
				ASSETCATALOG_COMPILER_APPICON_NAME = AppIcon;
				CLANG_ENABLE_MODULES = YES;
				CODE_SIGN_STYLE = Automatic;
				DEVELOPMENT_TEAM = H3N9XPK38Q;
				INFOPLIST_FILE = "PotterAPI-C/Resources/Info.plist";
				LD_RUNPATH_SEARCH_PATHS = (
					"$(inherited)",
					"@executable_path/Frameworks",
				);
				PRODUCT_BUNDLE_IDENTIFIER = "SIB.Production.PotterAPI-C";
				PRODUCT_NAME = "$(TARGET_NAME)";
				SWIFT_OBJC_BRIDGING_HEADER = "PotterAPI-C/Model/PotterAPI-C-Bridging-Header.h";
				SWIFT_VERSION = 5.0;
				TARGETED_DEVICE_FAMILY = "1,2";
			};
			name = Release;
		};
/* End XCBuildConfiguration section */

/* Begin XCConfigurationList section */
		D4390F02242D537200E42A83 /* Build configuration list for PBXProject "PotterAPI-C" */ = {
			isa = XCConfigurationList;
			buildConfigurations = (
				D4390F19242D537800E42A83 /* Debug */,
				D4390F1A242D537800E42A83 /* Release */,
			);
			defaultConfigurationIsVisible = 0;
			defaultConfigurationName = Release;
		};
		D4390F1B242D537800E42A83 /* Build configuration list for PBXNativeTarget "PotterAPI-C" */ = {
			isa = XCConfigurationList;
			buildConfigurations = (
				D4390F1C242D537800E42A83 /* Debug */,
				D4390F1D242D537800E42A83 /* Release */,
			);
			defaultConfigurationIsVisible = 0;
			defaultConfigurationName = Release;
		};
/* End XCConfigurationList section */
	};
	rootObject = D4390EFF242D537200E42A83 /* Project object */;
}
